
Microsoft Visual Studio Solution File, Format Version 12.00
# Visual Studio Version 16
VisualStudioVersion = 16.0.31424.327
MinimumVisualStudioVersion = 10.0.40219.1
Project("{FAE04EC0-301F-11D3-BF4B-00C04F79EFBC}") = "EsGit2210", "EsGit2210\EsGit2210.csproj", "{17CAF699-67D9-4C26-85CA-20D5C9201973}"
EndProject
Global
	GlobalSection(SolutionConfigurationPlatforms) = preSolution
		Debug|Any CPU = Debug|Any CPU
		Release|Any CPU = Release|Any CPU
	EndGlobalSection
	GlobalSection(ProjectConfigurationPlatforms) = postSolution
		{17CAF699-67D9-4C26-85CA-20D5C9201973}.Debug|Any CPU.ActiveCfg = Debug|Any CPU
		{17CAF699-67D9-4C26-85CA-20D5C9201973}.Debug|Any CPU.Build.0 = Debug|Any CPU
		{17CAF699-67D9-4C26-85CA-20D5C9201973}.Release|Any CPU.ActiveCfg = Release|Any CPU
		{17CAF699-67D9-4C26-85CA-20D5C9201973}.Release|Any CPU.Build.0 = Release|Any CPU
	EndGlobalSection
	GlobalSection(SolutionProperties) = preSolution
		HideSolutionNode = FALSE
	EndGlobalSection
	GlobalSection(ExtensibilityGlobals) = postSolution
		SolutionGuid = {C3C47B1B-6F5E-4522-8DB6-83B05A5EAB15}
	EndGlobalSection
EndGlobal
